// !$*UTF8*$!
{
	archiveVersion = 1;
	classes = {
	};
	objectVersion = 56;
	objects = {

/* Begin PBXBuildFile section */
		8023922E2980EA21008C6365 /* favoritePlaces_rishivarma_c0880853.xcdatamodeld in Sources */ = {isa = PBXBuildFile; fileRef = 8023922C2980EA21008C6365 /* favoritePlaces_rishivarma_c0880853.xcdatamodeld */; };
		B7D7A8CD29809C4100C7187E /* AppDelegate.swift in Sources */ = {isa = PBXBuildFile; fileRef = B7D7A8CC29809C4100C7187E /* AppDelegate.swift */; };
		B7D7A8CF29809C4100C7187E /* SceneDelegate.swift in Sources */ = {isa = PBXBuildFile; fileRef = B7D7A8CE29809C4100C7187E /* SceneDelegate.swift */; };
		B7D7A8D129809C4100C7187E /* ViewController.swift in Sources */ = {isa = PBXBuildFile; fileRef = B7D7A8D029809C4100C7187E /* ViewController.swift */; };
		B7D7A8D429809C4100C7187E /* Main.storyboard in Resources */ = {isa = PBXBuildFile; fileRef = B7D7A8D229809C4100C7187E /* Main.storyboard */; };
		B7D7A8D929809C4200C7187E /* Assets.xcassets in Resources */ = {isa = PBXBuildFile; fileRef = B7D7A8D829809C4200C7187E /* Assets.xcassets */; };
		B7D7A8DC29809C4200C7187E /* LaunchScreen.storyboard in Resources */ = {isa = PBXBuildFile; fileRef = B7D7A8DA29809C4200C7187E /* LaunchScreen.storyboard */; };
		B7D7A8E429809FF600C7187E /* vcMapView.swift in Sources */ = {isa = PBXBuildFile; fileRef = B7D7A8E329809FF600C7187E /* vcMapView.swift */; };
		B7D7A8E62980A93700C7187E /* Location.swift in Sources */ = {isa = PBXBuildFile; fileRef = B7D7A8E52980A93700C7187E /* Location.swift */; };
/* End PBXBuildFile section */

/* Begin PBXFileReference section */
		8023922D2980EA21008C6365 /* favoritePlaces_rishivarma_c0880853.xcdatamodel */ = {isa = PBXFileReference; lastKnownFileType = wrapper.xcdatamodel; path = favoritePlaces_rishivarma_c0880853.xcdatamodel; sourceTree = "<group>"; };
		B7D7A8C929809C4100C7187E /* favoritePlaces_rishivarma_c0880853.app */ = {isa = PBXFileReference; explicitFileType = wrapper.application; includeInIndex = 0; path = favoritePlaces_rishivarma_c0880853.app; sourceTree = BUILT_PRODUCTS_DIR; };
		B7D7A8CC29809C4100C7187E /* AppDelegate.swift */ = {isa = PBXFileReference; lastKnownFileType = sourcecode.swift; path = AppDelegate.swift; sourceTree = "<group>"; };
		B7D7A8CE29809C4100C7187E /* SceneDelegate.swift */ = {isa = PBXFileReference; lastKnownFileType = sourcecode.swift; path = SceneDelegate.swift; sourceTree = "<group>"; };
		B7D7A8D029809C4100C7187E /* ViewController.swift */ = {isa = PBXFileReference; lastKnownFileType = sourcecode.swift; path = ViewController.swift; sourceTree = "<group>"; };
		B7D7A8D329809C4100C7187E /* Base */ = {isa = PBXFileReference; lastKnownFileType = file.storyboard; name = Base; path = Base.lproj/Main.storyboard; sourceTree = "<group>"; };
		B7D7A8D829809C4200C7187E /* Assets.xcassets */ = {isa = PBXFileReference; lastKnownFileType = folder.assetcatalog; path = Assets.xcassets; sourceTree = "<group>"; };
		B7D7A8DB29809C4200C7187E /* Base */ = {isa = PBXFileReference; lastKnownFileType = file.storyboard; name = Base; path = Base.lproj/LaunchScreen.storyboard; sourceTree = "<group>"; };
		B7D7A8DD29809C4200C7187E /* Info.plist */ = {isa = PBXFileReference; lastKnownFileType = text.plist.xml; path = Info.plist; sourceTree = "<group>"; };
		B7D7A8E329809FF600C7187E /* vcMapView.swift */ = {isa = PBXFileReference; lastKnownFileType = sourcecode.swift; path = vcMapView.swift; sourceTree = "<group>"; };
		B7D7A8E52980A93700C7187E /* Location.swift */ = {isa = PBXFileReference; lastKnownFileType = sourcecode.swift; path = Location.swift; sourceTree = "<group>"; };
/* End PBXFileReference section */

/* Begin PBXFrameworksBuildPhase section */
		B7D7A8C629809C4100C7187E /* Frameworks */ = {
			isa = PBXFrameworksBuildPhase;
			buildActionMask = 2147483647;
			files = (
			);
			runOnlyForDeploymentPostprocessing = 0;
		};
/* End PBXFrameworksBuildPhase section */

/* Begin PBXGroup section */
		B7D7A8C029809C4100C7187E = {
			isa = PBXGroup;
			children = (
				B7D7A8CB29809C4100C7187E /* favoritePlaces_rishivarma_c0880853 */,
				B7D7A8CA29809C4100C7187E /* Products */,
			);
			sourceTree = "<group>";
		};
		B7D7A8CA29809C4100C7187E /* Products */ = {
			isa = PBXGroup;
			children = (
				B7D7A8C929809C4100C7187E /* favoritePlaces_rishivarma_c0880853.app */,
			);
			name = Products;
			sourceTree = "<group>";
		};
		B7D7A8CB29809C4100C7187E /* favoritePlaces_rishivarma_c0880853 */ = {
			isa = PBXGroup;
			children = (
				B7D7A8CC29809C4100C7187E /* AppDelegate.swift */,
				B7D7A8CE29809C4100C7187E /* SceneDelegate.swift */,
				B7D7A8D029809C4100C7187E /* ViewController.swift */,
				B7D7A8E329809FF600C7187E /* vcMapView.swift */,
				B7D7A8D229809C4100C7187E /* Main.storyboard */,
				B7D7A8D829809C4200C7187E /* Assets.xcassets */,
				B7D7A8DA29809C4200C7187E /* LaunchScreen.storyboard */,
				B7D7A8DD29809C4200C7187E /* Info.plist */,
				B7D7A8E52980A93700C7187E /* Location.swift */,
				8023922C2980EA21008C6365 /* favoritePlaces_rishivarma_c0880853.xcdatamodeld */,
			);
			path = favoritePlaces_rishivarma_c0880853;
			sourceTree = "<group>";
		};
/* End PBXGroup section */

/* Begin PBXNativeTarget section */
		B7D7A8C829809C4100C7187E /* favoritePlaces_rishivarma_c0880853 */ = {
			isa = PBXNativeTarget;
			buildConfigurationList = B7D7A8E029809C4200C7187E /* Build configuration list for PBXNativeTarget "favoritePlaces_rishivarma_c0880853" */;
			buildPhases = (
				B7D7A8C529809C4100C7187E /* Sources */,
				B7D7A8C629809C4100C7187E /* Frameworks */,
				B7D7A8C729809C4100C7187E /* Resources */,
			);
			buildRules = (
			);
			dependencies = (
			);
			name = favoritePlaces_rishivarma_c0880853;
			productName = favoritePlaces_simran_C0870768;
			productReference = B7D7A8C929809C4100C7187E /* favoritePlaces_rishivarma_c0880853.app */;
			productType = "com.apple.product-type.application";
		};
/* End PBXNativeTarget section */

/* Begin PBXProject section */
		B7D7A8C129809C4100C7187E /* Project object */ = {
			isa = PBXProject;
			attributes = {
				BuildIndependentTargetsInParallel = 1;
				LastSwiftUpdateCheck = 1420;
				LastUpgradeCheck = 1420;
				TargetAttributes = {
					B7D7A8C829809C4100C7187E = {
						CreatedOnToolsVersion = 14.2;
					};
				};
			};
			buildConfigurationList = B7D7A8C429809C4100C7187E /* Build configuration list for PBXProject "favoritePlaces_rishivarma_c0880853" */;
			compatibilityVersion = "Xcode 14.0";
			developmentRegion = en;
			hasScannedForEncodings = 0;
			knownRegions = (
				en,
				Base,
			);
			mainGroup = B7D7A8C029809C4100C7187E;
			productRefGroup = B7D7A8CA29809C4100C7187E /* Products */;
			projectDirPath = "";
			projectRoot = "";
			targets = (
				B7D7A8C829809C4100C7187E /* favoritePlaces_rishivarma_c0880853 */,
			);
		};
/* End PBXProject section */

/* Begin PBXResourcesBuildPhase section */
		B7D7A8C729809C4100C7187E /* Resources */ = {
			isa = PBXResourcesBuildPhase;
			buildActionMask = 2147483647;
			files = (
				B7D7A8DC29809C4200C7187E /* LaunchScreen.storyboard in Resources */,
				B7D7A8D929809C4200C7187E /* Assets.xcassets in Resources */,
				B7D7A8D429809C4100C7187E /* Main.storyboard in Resources */,
			);
			runOnlyForDeploymentPostprocessing = 0;
		};
/* End PBXResourcesBuildPhase section */

/* Begin PBXSourcesBuildPhase section */
		B7D7A8C529809C4100C7187E /* Sources */ = {
			isa = PBXSourcesBuildPhase;
			buildActionMask = 2147483647;
			files = (
				8023922E2980EA21008C6365 /* favoritePlaces_rishivarma_c0880853.xcdatamodeld in Sources */,
				B7D7A8D129809C4100C7187E /* ViewController.swift in Sources */,
				B7D7A8CD29809C4100C7187E /* AppDelegate.swift in Sources */,
				B7D7A8E429809FF600C7187E /* vcMapView.swift in Sources */,
				B7D7A8E62980A93700C7187E /* Location.swift in Sources */,
				B7D7A8CF29809C4100C7187E /* SceneDelegate.swift in Sources */,
			);
			runOnlyForDeploymentPostprocessing = 0;
		};
/* End PBXSourcesBuildPhase section */

/* Begin PBXVariantGroup section */
		B7D7A8D229809C4100C7187E /* Main.storyboard */ = {
			isa = PBXVariantGroup;
			children = (
				B7D7A8D329809C4100C7187E /* Base */,
			);
			name = Main.storyboard;
			sourceTree = "<group>";
		};
		B7D7A8DA29809C4200C7187E /* LaunchScreen.storyboard */ = {
			isa = PBXVariantGroup;
			children = (
				B7D7A8DB29809C4200C7187E /* Base */,
			);
			name = LaunchScreen.storyboard;
			sourceTree = "<group>";
		};
/* End PBXVariantGroup section */

/* Begin XCBuildConfiguration section */
		B7D7A8DE29809C4200C7187E /* Debug */ = {
			isa = XCBuildConfiguration;
			buildSettings = {
				ALWAYS_SEARCH_USER_PATHS = NO;
				CLANG_ANALYZER_NONNULL = YES;
				CLANG_ANALYZER_NUMBER_OBJECT_CONVERSION = YES_AGGRESSIVE;
				CLANG_CXX_LANGUAGE_STANDARD = "gnu++20";
				CLANG_ENABLE_MODULES = YES;
				CLANG_ENABLE_OBJC_ARC = YES;
				CLANG_ENABLE_OBJC_WEAK = YES;
				CLANG_WARN_BLOCK_CAPTURE_AUTORELEASING = YES;
				CLANG_WARN_BOOL_CONVERSION = YES;
				CLANG_WARN_COMMA = YES;
				CLANG_WARN_CONSTANT_CONVERSION = YES;
				CLANG_WARN_DEPRECATED_OBJC_IMPLEMENTATIONS = YES;
				CLANG_WARN_DIRECT_OBJC_ISA_USAGE = YES_ERROR;
				CLANG_WARN_DOCUMENTATION_COMMENTS = YES;
				CLANG_WARN_EMPTY_BODY = YES;
				CLANG_WARN_ENUM_CONVERSION = YES;
				CLANG_WARN_INFINITE_RECURSION = YES;
				CLANG_WARN_INT_CONVERSION = YES;
				CLANG_WARN_NON_LITERAL_NULL_CONVERSION = YES;
				CLANG_WARN_OBJC_IMPLICIT_RETAIN_SELF = YES;
				CLANG_WARN_OBJC_LITERAL_CONVERSION = YES;
				CLANG_WARN_OBJC_ROOT_CLASS = YES_ERROR;
				CLANG_WARN_QUOTED_INCLUDE_IN_FRAMEWORK_HEADER = YES;
				CLANG_WARN_RANGE_LOOP_ANALYSIS = YES;
				CLANG_WARN_STRICT_PROTOTYPES = YES;
				CLANG_WARN_SUSPICIOUS_MOVE = YES;
				CLANG_WARN_UNGUARDED_AVAILABILITY = YES_AGGRESSIVE;
				CLANG_WARN_UNREACHABLE_CODE = YES;
				CLANG_WARN__DUPLICATE_METHOD_MATCH = YES;
				COPY_PHASE_STRIP = NO;
				DEBUG_INFORMATION_FORMAT = dwarf;
				ENABLE_STRICT_OBJC_MSGSEND = YES;
				ENABLE_TESTABILITY = YES;
				GCC_C_LANGUAGE_STANDARD = gnu11;
				GCC_DYNAMIC_NO_PIC = NO;
				GCC_NO_COMMON_BLOCKS = YES;
				GCC_OPTIMIZATION_LEVEL = 0;
				GCC_PREPROCESSOR_DEFINITIONS = (
					"DEBUG=1",
					"$(inherited)",
				);
				GCC_WARN_64_TO_32_BIT_CONVERSION = YES;
				GCC_WARN_ABOUT_RETURN_TYPE = YES_ERROR;
				GCC_WARN_UNDECLARED_SELECTOR = YES;
				GCC_WARN_UNINITIALIZED_AUTOS = YES_AGGRESSIVE;
				GCC_WARN_UNUSED_FUNCTION = YES;
				GCC_WARN_UNUSED_VARIABLE = YES;
				IPHONEOS_DEPLOYMENT_TARGET = 16.2;
				MTL_ENABLE_DEBUG_INFO = INCLUDE_SOURCE;
				MTL_FAST_MATH = YES;
				ONLY_ACTIVE_ARCH = YES;
				SDKROOT = iphoneos;
				SWIFT_ACTIVE_COMPILATION_CONDITIONS = DEBUG;
				SWIFT_OPTIMIZATION_LEVEL = "-Onone";
			};
			name = Debug;
		};
		B7D7A8DF29809C4200C7187E /* Release */ = {
			isa = XCBuildConfiguration;
			buildSettings = {
				ALWAYS_SEARCH_USER_PATHS = NO;
				CLANG_ANALYZER_NONNULL = YES;
				CLANG_ANALYZER_NUMBER_OBJECT_CONVERSION = YES_AGGRESSIVE;
				CLANG_CXX_LANGUAGE_STANDARD = "gnu++20";
				CLANG_ENABLE_MODULES = YES;
				CLANG_ENABLE_OBJC_ARC = YES;
				CLANG_ENABLE_OBJC_WEAK = YES;
				CLANG_WARN_BLOCK_CAPTURE_AUTORELEASING = YES;
				CLANG_WARN_BOOL_CONVERSION = YES;
				CLANG_WARN_COMMA = YES;
				CLANG_WARN_CONSTANT_CONVERSION = YES;
				CLANG_WARN_DEPRECATED_OBJC_IMPLEMENTATIONS = YES;
				CLANG_WARN_DIRECT_OBJC_ISA_USAGE = YES_ERROR;
				CLANG_WARN_DOCUMENTATION_COMMENTS = YES;
				CLANG_WARN_EMPTY_BODY = YES;
				CLANG_WARN_ENUM_CONVERSION = YES;
				CLANG_WARN_INFINITE_RECURSION = YES;
				CLANG_WARN_INT_CONVERSION = YES;
				CLANG_WARN_NON_LITERAL_NULL_CONVERSION = YES;
				CLANG_WARN_OBJC_IMPLICIT_RETAIN_SELF = YES;
				CLANG_WARN_OBJC_LITERAL_CONVERSION = YES;
				CLANG_WARN_OBJC_ROOT_CLASS = YES_ERROR;
				CLANG_WARN_QUOTED_INCLUDE_IN_FRAMEWORK_HEADER = YES;
				CLANG_WARN_RANGE_LOOP_ANALYSIS = YES;
				CLANG_WARN_STRICT_PROTOTYPES = YES;
				CLANG_WARN_SUSPICIOUS_MOVE = YES;
				CLANG_WARN_UNGUARDED_AVAILABILITY = YES_AGGRESSIVE;
				CLANG_WARN_UNREACHABLE_CODE = YES;
				CLANG_WARN__DUPLICATE_METHOD_MATCH = YES;
				COPY_PHASE_STRIP = NO;
				DEBUG_INFORMATION_FORMAT = "dwarf-with-dsym";
				ENABLE_NS_ASSERTIONS = NO;
				ENABLE_STRICT_OBJC_MSGSEND = YES;
				GCC_C_LANGUAGE_STANDARD = gnu11;
				GCC_NO_COMMON_BLOCKS = YES;
				GCC_WARN_64_TO_32_BIT_CONVERSION = YES;
				GCC_WARN_ABOUT_RETURN_TYPE = YES_ERROR;
				GCC_WARN_UNDECLARED_SELECTOR = YES;
				GCC_WARN_UNINITIALIZED_AUTOS = YES_AGGRESSIVE;
				GCC_WARN_UNUSED_FUNCTION = YES;
				GCC_WARN_UNUSED_VARIABLE = YES;
				IPHONEOS_DEPLOYMENT_TARGET = 16.2;
				MTL_ENABLE_DEBUG_INFO = NO;
				MTL_FAST_MATH = YES;
				SDKROOT = iphoneos;
				SWIFT_COMPILATION_MODE = wholemodule;
				SWIFT_OPTIMIZATION_LEVEL = "-O";
				VALIDATE_PRODUCT = YES;
			};
			name = Release;
		};
		B7D7A8E129809C4200C7187E /* Debug */ = {
			isa = XCBuildConfiguration;
			buildSettings = {
				ASSETCATALOG_COMPILER_APPICON_NAME = AppIcon;
				ASSETCATALOG_COMPILER_GLOBAL_ACCENT_COLOR_NAME = AccentColor;
				CODE_SIGN_STYLE = Automatic;
				CURRENT_PROJECT_VERSION = 1;
				DEVELOPMENT_TEAM = 44TA8HKK2T;
				GENERATE_INFOPLIST_FILE = YES;
				INFOPLIST_FILE = favoritePlaces_rishivarma_c0880853/Info.plist;
				INFOPLIST_KEY_UIApplicationSupportsIndirectInputEvents = YES;
				INFOPLIST_KEY_UILaunchStoryboardName = LaunchScreen;
				INFOPLIST_KEY_UIMainStoryboardFile = Main;
				INFOPLIST_KEY_UISupportedInterfaceOrientations_iPad = "UIInterfaceOrientationPortrait UIInterfaceOrientationPortraitUpsideDown UIInterfaceOrientationLandscapeLeft UIInterfaceOrientationLandscapeRight";
				INFOPLIST_KEY_UISupportedInterfaceOrientations_iPhone = "UIInterfaceOrientationPortrait UIInterfaceOrientationLandscapeLeft UIInterfaceOrientationLandscapeRight";
				IPHONEOS_DEPLOYMENT_TARGET = 16.2;
				LD_RUNPATH_SEARCH_PATHS = (
					"$(inherited)",
					"@executable_path/Frameworks",
				);
				MARKETING_VERSION = 1.0;
				PRODUCT_BUNDLE_IDENTIFIER = "com.favoritePlaces-rishivarma-c0880853";
				PRODUCT_NAME = "$(TARGET_NAME)";
				SWIFT_EMIT_LOC_STRINGS = YES;
				SWIFT_VERSION = 5.0;
				TARGETED_DEVICE_FAMILY = "1,2";
			};
			name = Debug;
		};
		B7D7A8E229809C4200C7187E /* Release */ = {
			isa = XCBuildConfiguration;
			buildSettings = {
				ASSETCATALOG_COMPILER_APPICON_NAME = AppIcon;
				ASSETCATALOG_COMPILER_GLOBAL_ACCENT_COLOR_NAME = AccentColor;
				CODE_SIGN_STYLE = Automatic;
				CURRENT_PROJECT_VERSION = 1;
				DEVELOPMENT_TEAM = 44TA8HKK2T;
				GENERATE_INFOPLIST_FILE = YES;
				INFOPLIST_FILE = favoritePlaces_rishivarma_c0880853/Info.plist;
				INFOPLIST_KEY_UIApplicationSupportsIndirectInputEvents = YES;
				INFOPLIST_KEY_UILaunchStoryboardName = LaunchScreen;
				INFOPLIST_KEY_UIMainStoryboardFile = Main;
				INFOPLIST_KEY_UISupportedInterfaceOrientations_iPad = "UIInterfaceOrientationPortrait UIInterfaceOrientationPortraitUpsideDown UIInterfaceOrientationLandscapeLeft UIInterfaceOrientationLandscapeRight";
				INFOPLIST_KEY_UISupportedInterfaceOrientations_iPhone = "UIInterfaceOrientationPortrait UIInterfaceOrientationLandscapeLeft UIInterfaceOrientationLandscapeRight";
				IPHONEOS_DEPLOYMENT_TARGET = 16.2;
				LD_RUNPATH_SEARCH_PATHS = (
					"$(inherited)",
					"@executable_path/Frameworks",
				);
				MARKETING_VERSION = 1.0;
				PRODUCT_BUNDLE_IDENTIFIER = "com.favoritePlaces-rishivarma-c0880853";
				PRODUCT_NAME = "$(TARGET_NAME)";
				SWIFT_EMIT_LOC_STRINGS = YES;
				SWIFT_VERSION = 5.0;
				TARGETED_DEVICE_FAMILY = "1,2";
			};
			name = Release;
		};
/* End XCBuildConfiguration section */

/* Begin XCConfigurationList section */
		B7D7A8C429809C4100C7187E /* Build configuration list for PBXProject "favoritePlaces_rishivarma_c0880853" */ = {
			isa = XCConfigurationList;
			buildConfigurations = (
				B7D7A8DE29809C4200C7187E /* Debug */,
				B7D7A8DF29809C4200C7187E /* Release */,
			);
			defaultConfigurationIsVisible = 0;
			defaultConfigurationName = Release;
		};
		B7D7A8E029809C4200C7187E /* Build configuration list for PBXNativeTarget "favoritePlaces_rishivarma_c0880853" */ = {
			isa = XCConfigurationList;
			buildConfigurations = (
				B7D7A8E129809C4200C7187E /* Debug */,
				B7D7A8E229809C4200C7187E /* Release */,
			);
			defaultConfigurationIsVisible = 0;
			defaultConfigurationName = Release;
		};
/* End XCConfigurationList section */

/* Begin XCVersionGroup section */
		8023922C2980EA21008C6365 /* favoritePlaces_rishivarma_c0880853.xcdatamodeld */ = {
			isa = XCVersionGroup;
			children = (
				8023922D2980EA21008C6365 /* favoritePlaces_rishivarma_c0880853.xcdatamodel */,
			);
			currentVersion = 8023922D2980EA21008C6365 /* favoritePlaces_rishivarma_c0880853.xcdatamodel */;
			path = favoritePlaces_rishivarma_c0880853.xcdatamodeld;
			sourceTree = "<group>";
			versionGroupType = wrapper.xcdatamodel;
		};
/* End XCVersionGroup section */
	};
	rootObject = B7D7A8C129809C4100C7187E /* Project object */;
}
